
Microsoft Visual Studio Solution File, Format Version 12.00
# Visual Studio Version 17
VisualStudioVersion = 17.0.31903.59
MinimumVisualStudioVersion = 10.0.40219.1
Project("{2150E333-8FDC-42A3-9474-1A3956D46DE8}") = "src", "src", "{28591123-057F-430F-A432-CE29C2205D4C}"
EndProject
Project("{2150E333-8FDC-42A3-9474-1A3956D46DE8}") = "Modules", "Modules", "{D9200896-5A00-482C-85DC-D80247674D04}"
EndProject
Project("{2150E333-8FDC-42A3-9474-1A3956D46DE8}") = "GestionIdentite", "GestionIdentite", "{146A0AA0-4ED7-453D-BA78-06C8BEB3E24C}"
EndProject
Project("{FAE04EC0-301F-11D3-BF4B-00C04F79EFBC}") = "GestionIdentite.Domaine", "src\Modules\GestionIdentite\GestionIdentite.Domaine\GestionIdentite.Domaine.csproj", "{F3F84AE9-5D92-446F-AFDB-9E71E199B2DD}"
EndProject
Project("{FAE04EC0-301F-11D3-BF4B-00C04F79EFBC}") = "GestionIdentite.Application", "src\Modules\GestionIdentite\GestionIdentite.Application\GestionIdentite.Application.csproj", "{B7D6CA36-345A-4A58-B335-5BEB1D97E0A5}"
EndProject
Project("{FAE04EC0-301F-11D3-BF4B-00C04F79EFBC}") = "GestionIdentite.Infrastructure", "src\Modules\GestionIdentite\GestionIdentite.Infrastructure\GestionIdentite.Infrastructure.csproj", "{B332E39B-6ECE-4215-87B3-2EAF3B219E5D}"
EndProject
Project("{FAE04EC0-301F-11D3-BF4B-00C04F79EFBC}") = "GestionIdentite.Client", "src\Modules\GestionIdentite\GestionIdentite.Client\GestionIdentite.Client.csproj", "{CBBE5B2E-BD09-41D1-96BA-0EABE2C6E606}"
EndProject
Project("{FAE04EC0-301F-11D3-BF4B-00C04F79EFBC}") = "GestionIdentite.Loader", "src\Modules\GestionIdentite\GestionIdentite.Loader\GestionIdentite.Loader.csproj", "{7E012540-0B60-47AC-ADAD-A9D837C5E851}"
EndProject
Project("{2150E333-8FDC-42A3-9474-1A3956D46DE8}") = "tests", "tests", "{74D97014-97AC-4934-B5BF-CD2E38D1BCA8}"
EndProject
Project("{2150E333-8FDC-42A3-9474-1A3956D46DE8}") = "Modules", "Modules", "{023B1115-113D-43F4-9E8F-4B72E4904556}"
EndProject
Project("{2150E333-8FDC-42A3-9474-1A3956D46DE8}") = "GestionIdentite", "GestionIdentite", "{CA1F4B1A-2AAA-4A4E-A9F9-3FB799093ED7}"
EndProject
Project("{FAE04EC0-301F-11D3-BF4B-00C04F79EFBC}") = "GestionIdentite.Domaine.Tests", "tests\Modules\GestionIdentite\GestionIdentite.Domaine.Tests\GestionIdentite.Domaine.Tests.csproj", "{A500BF1A-A556-46D4-A940-A63F04BE4090}"
EndProject
Project("{FAE04EC0-301F-11D3-BF4B-00C04F79EFBC}") = "GestionIdentite.Application.Tests", "tests\Modules\GestionIdentite\GestionIdentite.Application.Tests\GestionIdentite.Application.Tests.csproj", "{01512333-105C-47DB-AE97-C97A7DE442FE}"
EndProject
Project("{FAE04EC0-301F-11D3-BF4B-00C04F79EFBC}") = "GestionIdentite.Infrastructure.Tests", "tests\Modules\GestionIdentite\GestionIdentite.Infrastructure.Tests\GestionIdentite.Infrastructure.Tests.csproj", "{661F5C34-8039-4D86-B44E-ADD7823BFFD0}"
EndProject
Project("{FAE04EC0-301F-11D3-BF4B-00C04F79EFBC}") = "GestionIdentite.Client.Tests", "tests\Modules\GestionIdentite\GestionIdentite.Client.Tests\GestionIdentite.Client.Tests.csproj", "{677BF3C1-EF46-4BCC-9F5D-EA9FFD16B4B4}"
EndProject
Project("{2150E333-8FDC-42A3-9474-1A3956D46DE8}") = "CatalogueEmploi", "CatalogueEmploi", "{63564F83-F2EF-29A8-7EF2-D36439E21B1C}"
EndProject
Project("{FAE04EC0-301F-11D3-BF4B-00C04F79EFBC}") = "CatalogueEmploi.Domaine", "src\Modules\CatalogueEmploi\CatalogueEmploi.Domaine\CatalogueEmploi.Domaine.csproj", "{0191EF3A-F4F7-4E6E-B801-35C0528B4D76}"
EndProject
Project("{FAE04EC0-301F-11D3-BF4B-00C04F79EFBC}") = "CatalogueEmploi.Application", "src\Modules\CatalogueEmploi\CatalogueEmploi.Application\CatalogueEmploi.Application.csproj", "{029A612B-D6B6-4297-A2D2-C60CBB7F7347}"
EndProject
Project("{FAE04EC0-301F-11D3-BF4B-00C04F79EFBC}") = "CatalogueEmploi.Infrastructure", "src\Modules\CatalogueEmploi\CatalogueEmploi.Infrastructure\CatalogueEmploi.Infrastructure.csproj", "{E5439700-585E-42B8-9E74-735A5C242898}"
EndProject
Project("{FAE04EC0-301F-11D3-BF4B-00C04F79EFBC}") = "CatalogueEmploi.Client", "src\Modules\CatalogueEmploi\CatalogueEmploi.Client\CatalogueEmploi.Client.csproj", "{3842C56C-F8D8-4B10-B327-0E4E82AB04F1}"
EndProject
Project("{FAE04EC0-301F-11D3-BF4B-00C04F79EFBC}") = "CatalogueEmploi.Loader", "src\Modules\CatalogueEmploi\CatalogueEmploi.Loader\CatalogueEmploi.Loader.csproj", "{3AC1E10F-D152-4CA9-B2CF-1B9E6A0F2CE2}"
EndProject
Project("{2150E333-8FDC-42A3-9474-1A3956D46DE8}") = "CatalogueEmploi", "CatalogueEmploi", "{73E77096-F207-559E-A569-B585BEF748D1}"
EndProject
Project("{FAE04EC0-301F-11D3-BF4B-00C04F79EFBC}") = "CatalogueEmploi.Domaine.Tests", "tests\Modules\CatalogueEmploi\CatalogueEmploi.Domaine.Tests\CatalogueEmploi.Domaine.Tests.csproj", "{ABBE087E-87EF-428E-BE47-AD9CD58B9FD3}"
EndProject
Project("{FAE04EC0-301F-11D3-BF4B-00C04F79EFBC}") = "CatalogueEmploi.Application.Tests", "tests\Modules\CatalogueEmploi\CatalogueEmploi.Application.Tests\CatalogueEmploi.Application.Tests.csproj", "{2D2006A9-22A8-4669-980A-4528A0644760}"
EndProject
Project("{FAE04EC0-301F-11D3-BF4B-00C04F79EFBC}") = "CatalogueEmploi.Infrastructure.Tests", "tests\Modules\CatalogueEmploi\CatalogueEmploi.Infrastructure.Tests\CatalogueEmploi.Infrastructure.Tests.csproj", "{EA07FA4A-82CF-4B55-9639-7106CDA3E654}"
EndProject
Project("{FAE04EC0-301F-11D3-BF4B-00C04F79EFBC}") = "CatalogueEmploi.Client.Tests", "tests\Modules\CatalogueEmploi\CatalogueEmploi.Client.Tests\CatalogueEmploi.Client.Tests.csproj", "{50CE759C-9532-479B-BC35-D51FB699650D}"
EndProject
Project("{2150E333-8FDC-42A3-9474-1A3956D46DE8}") = "AppelOffreFreelance", "AppelOffreFreelance", "{25AD5DED-A482-C359-17F5-4650FA521936}"
EndProject
Project("{FAE04EC0-301F-11D3-BF4B-00C04F79EFBC}") = "AppelOffreFreelance.Domaine", "src\Modules\AppelOffreFreelance\AppelOffreFreelance.Domaine\AppelOffreFreelance.Domaine.csproj", "{85CE4F72-C1BE-4C57-9329-2B8FBC3A39F2}"
EndProject
Project("{FAE04EC0-301F-11D3-BF4B-00C04F79EFBC}") = "AppelOffreFreelance.Application", "src\Modules\AppelOffreFreelance\AppelOffreFreelance.Application\AppelOffreFreelance.Application.csproj", "{BEA84E54-9211-4686-A199-C4EFAA4F418D}"
EndProject
Project("{FAE04EC0-301F-11D3-BF4B-00C04F79EFBC}") = "AppelOffreFreelance.Infrastructure", "src\Modules\AppelOffreFreelance\AppelOffreFreelance.Infrastructure\AppelOffreFreelance.Infrastructure.csproj", "{0D14B548-9015-4002-B2FF-E9C682CEE21F}"
EndProject
Project("{FAE04EC0-301F-11D3-BF4B-00C04F79EFBC}") = "AppelOffreFreelance.Client", "src\Modules\AppelOffreFreelance\AppelOffreFreelance.Client\AppelOffreFreelance.Client.csproj", "{52872F26-A73A-42A8-8D95-833038E9D34F}"
EndProject
Project("{FAE04EC0-301F-11D3-BF4B-00C04F79EFBC}") = "AppelOffreFreelance.Loader", "src\Modules\AppelOffreFreelance\AppelOffreFreelance.Loader\AppelOffreFreelance.Loader.csproj", "{02A598F0-20C0-49B3-AFE7-5EC25F3739EC}"
EndProject
Project("{2150E333-8FDC-42A3-9474-1A3956D46DE8}") = "AppelOffreFreelance", "AppelOffreFreelance", "{348B2BEF-7EEA-E693-4922-EB36B4E2501E}"
EndProject
Project("{FAE04EC0-301F-11D3-BF4B-00C04F79EFBC}") = "AppelOffreFreelance.Domaine.Tests", "tests\Modules\AppelOffreFreelance\AppelOffreFreelance.Domaine.Tests\AppelOffreFreelance.Domaine.Tests.csproj", "{B37760C9-384E-4178-82F3-B17F0C3AF858}"
EndProject
Project("{FAE04EC0-301F-11D3-BF4B-00C04F79EFBC}") = "AppelOffreFreelance.Application.Tests", "tests\Modules\AppelOffreFreelance\AppelOffreFreelance.Application.Tests\AppelOffreFreelance.Application.Tests.csproj", "{B4FE2451-756A-4849-BBA2-AC74ABF508B8}"
EndProject
Project("{FAE04EC0-301F-11D3-BF4B-00C04F79EFBC}") = "AppelOffreFreelance.Infrastructure.Tests", "tests\Modules\AppelOffreFreelance\AppelOffreFreelance.Infrastructure.Tests\AppelOffreFreelance.Infrastructure.Tests.csproj", "{E7595110-7773-4BF5-BFC5-898837F4CC06}"
EndProject
Project("{FAE04EC0-301F-11D3-BF4B-00C04F79EFBC}") = "AppelOffreFreelance.Client.Tests", "tests\Modules\AppelOffreFreelance\AppelOffreFreelance.Client.Tests\AppelOffreFreelance.Client.Tests.csproj", "{95BE46C2-AB67-4338-9F13-73C6160AEF70}"
EndProject
Project("{2150E333-8FDC-42A3-9474-1A3956D46DE8}") = "ActualiteEtAbonnement", "ActualiteEtAbonnement", "{8DB2250C-BC1F-5219-2D05-33BE808A390E}"
EndProject
Project("{FAE04EC0-301F-11D3-BF4B-00C04F79EFBC}") = "ActualiteEtAbonnement.Domaine", "src\Modules\ActualiteEtAbonnement\ActualiteEtAbonnement.Domaine\ActualiteEtAbonnement.Domaine.csproj", "{F45EB3FA-10D7-4ADF-AAC1-6172EDF34F37}"
EndProject
Project("{FAE04EC0-301F-11D3-BF4B-00C04F79EFBC}") = "ActualiteEtAbonnement.Application", "src\Modules\ActualiteEtAbonnement\ActualiteEtAbonnement.Application\ActualiteEtAbonnement.Application.csproj", "{0496E72F-7F9E-44A7-83DE-98B781A4FB12}"
EndProject
Project("{FAE04EC0-301F-11D3-BF4B-00C04F79EFBC}") = "ActualiteEtAbonnement.Infrastructure", "src\Modules\ActualiteEtAbonnement\ActualiteEtAbonnement.Infrastructure\ActualiteEtAbonnement.Infrastructure.csproj", "{67BDA7E6-84EF-47D3-A0AF-B29C504132F2}"
EndProject
Project("{FAE04EC0-301F-11D3-BF4B-00C04F79EFBC}") = "ActualiteEtAbonnement.Client", "src\Modules\ActualiteEtAbonnement\ActualiteEtAbonnement.Client\ActualiteEtAbonnement.Client.csproj", "{63F1DF3F-54C2-41E5-ABEF-3254A26C19BA}"
EndProject
Project("{FAE04EC0-301F-11D3-BF4B-00C04F79EFBC}") = "ActualiteEtAbonnement.Loader", "src\Modules\ActualiteEtAbonnement\ActualiteEtAbonnement.Loader\ActualiteEtAbonnement.Loader.csproj", "{0A47D47F-4D42-467A-8BD5-078CAA1CD25E}"
EndProject
Project("{2150E333-8FDC-42A3-9474-1A3956D46DE8}") = "ActualiteEtAbonnement", "ActualiteEtAbonnement", "{0F335DE5-023F-AB2C-A172-D592E8E428F3}"
EndProject
Project("{FAE04EC0-301F-11D3-BF4B-00C04F79EFBC}") = "ActualiteEtAbonnement.Domaine.Tests", "tests\Modules\ActualiteEtAbonnement\ActualiteEtAbonnement.Domaine.Tests\ActualiteEtAbonnement.Domaine.Tests.csproj", "{A848298C-B589-4FBE-845F-7E0718DDB78D}"
EndProject
Project("{FAE04EC0-301F-11D3-BF4B-00C04F79EFBC}") = "ActualiteEtAbonnement.Application.Tests", "tests\Modules\ActualiteEtAbonnement\ActualiteEtAbonnement.Application.Tests\ActualiteEtAbonnement.Application.Tests.csproj", "{EA1E0085-2753-42A1-90D3-191282CB487A}"
EndProject
Project("{FAE04EC0-301F-11D3-BF4B-00C04F79EFBC}") = "ActualiteEtAbonnement.Infrastructure.Tests", "tests\Modules\ActualiteEtAbonnement\ActualiteEtAbonnement.Infrastructure.Tests\ActualiteEtAbonnement.Infrastructure.Tests.csproj", "{D9A86A0C-EE0D-43D5-8C72-EB408C2C297E}"
EndProject
Project("{FAE04EC0-301F-11D3-BF4B-00C04F79EFBC}") = "ActualiteEtAbonnement.Client.Tests", "tests\Modules\ActualiteEtAbonnement\ActualiteEtAbonnement.Client.Tests\ActualiteEtAbonnement.Client.Tests.csproj", "{EF9FA99D-2FC5-4E51-9337-C9D542744F09}"
EndProject
Global
	GlobalSection(SolutionConfigurationPlatforms) = preSolution
		Debug|Any CPU = Debug|Any CPU
		Debug|x64 = Debug|x64
		Debug|x86 = Debug|x86
		Release|Any CPU = Release|Any CPU
		Release|x64 = Release|x64
		Release|x86 = Release|x86
	EndGlobalSection
	GlobalSection(ProjectConfigurationPlatforms) = postSolution
		{F3F84AE9-5D92-446F-AFDB-9E71E199B2DD}.Debug|Any CPU.ActiveCfg = Debug|Any CPU
		{F3F84AE9-5D92-446F-AFDB-9E71E199B2DD}.Debug|Any CPU.Build.0 = Debug|Any CPU
		{F3F84AE9-5D92-446F-AFDB-9E71E199B2DD}.Debug|x64.ActiveCfg = Debug|Any CPU
		{F3F84AE9-5D92-446F-AFDB-9E71E199B2DD}.Debug|x64.Build.0 = Debug|Any CPU
		{F3F84AE9-5D92-446F-AFDB-9E71E199B2DD}.Debug|x86.ActiveCfg = Debug|Any CPU
		{F3F84AE9-5D92-446F-AFDB-9E71E199B2DD}.Debug|x86.Build.0 = Debug|Any CPU
		{F3F84AE9-5D92-446F-AFDB-9E71E199B2DD}.Release|Any CPU.ActiveCfg = Release|Any CPU
		{F3F84AE9-5D92-446F-AFDB-9E71E199B2DD}.Release|Any CPU.Build.0 = Release|Any CPU
		{F3F84AE9-5D92-446F-AFDB-9E71E199B2DD}.Release|x64.ActiveCfg = Release|Any CPU
		{F3F84AE9-5D92-446F-AFDB-9E71E199B2DD}.Release|x64.Build.0 = Release|Any CPU
		{F3F84AE9-5D92-446F-AFDB-9E71E199B2DD}.Release|x86.ActiveCfg = Release|Any CPU
		{F3F84AE9-5D92-446F-AFDB-9E71E199B2DD}.Release|x86.Build.0 = Release|Any CPU
		{B7D6CA36-345A-4A58-B335-5BEB1D97E0A5}.Debug|Any CPU.ActiveCfg = Debug|Any CPU
		{B7D6CA36-345A-4A58-B335-5BEB1D97E0A5}.Debug|Any CPU.Build.0 = Debug|Any CPU
		{B7D6CA36-345A-4A58-B335-5BEB1D97E0A5}.Debug|x64.ActiveCfg = Debug|Any CPU
		{B7D6CA36-345A-4A58-B335-5BEB1D97E0A5}.Debug|x64.Build.0 = Debug|Any CPU
		{B7D6CA36-345A-4A58-B335-5BEB1D97E0A5}.Debug|x86.ActiveCfg = Debug|Any CPU
		{B7D6CA36-345A-4A58-B335-5BEB1D97E0A5}.Debug|x86.Build.0 = Debug|Any CPU
		{B7D6CA36-345A-4A58-B335-5BEB1D97E0A5}.Release|Any CPU.ActiveCfg = Release|Any CPU
		{B7D6CA36-345A-4A58-B335-5BEB1D97E0A5}.Release|Any CPU.Build.0 = Release|Any CPU
		{B7D6CA36-345A-4A58-B335-5BEB1D97E0A5}.Release|x64.ActiveCfg = Release|Any CPU
		{B7D6CA36-345A-4A58-B335-5BEB1D97E0A5}.Release|x64.Build.0 = Release|Any CPU
		{B7D6CA36-345A-4A58-B335-5BEB1D97E0A5}.Release|x86.ActiveCfg = Release|Any CPU
		{B7D6CA36-345A-4A58-B335-5BEB1D97E0A5}.Release|x86.Build.0 = Release|Any CPU
		{B332E39B-6ECE-4215-87B3-2EAF3B219E5D}.Debug|Any CPU.ActiveCfg = Debug|Any CPU
		{B332E39B-6ECE-4215-87B3-2EAF3B219E5D}.Debug|Any CPU.Build.0 = Debug|Any CPU
		{B332E39B-6ECE-4215-87B3-2EAF3B219E5D}.Debug|x64.ActiveCfg = Debug|Any CPU
		{B332E39B-6ECE-4215-87B3-2EAF3B219E5D}.Debug|x64.Build.0 = Debug|Any CPU
		{B332E39B-6ECE-4215-87B3-2EAF3B219E5D}.Debug|x86.ActiveCfg = Debug|Any CPU
		{B332E39B-6ECE-4215-87B3-2EAF3B219E5D}.Debug|x86.Build.0 = Debug|Any CPU
		{B332E39B-6ECE-4215-87B3-2EAF3B219E5D}.Release|Any CPU.ActiveCfg = Release|Any CPU
		{B332E39B-6ECE-4215-87B3-2EAF3B219E5D}.Release|Any CPU.Build.0 = Release|Any CPU
		{B332E39B-6ECE-4215-87B3-2EAF3B219E5D}.Release|x64.ActiveCfg = Release|Any CPU
		{B332E39B-6ECE-4215-87B3-2EAF3B219E5D}.Release|x64.Build.0 = Release|Any CPU
		{B332E39B-6ECE-4215-87B3-2EAF3B219E5D}.Release|x86.ActiveCfg = Release|Any CPU
		{B332E39B-6ECE-4215-87B3-2EAF3B219E5D}.Release|x86.Build.0 = Release|Any CPU
		{CBBE5B2E-BD09-41D1-96BA-0EABE2C6E606}.Debug|Any CPU.ActiveCfg = Debug|Any CPU
		{CBBE5B2E-BD09-41D1-96BA-0EABE2C6E606}.Debug|Any CPU.Build.0 = Debug|Any CPU
		{CBBE5B2E-BD09-41D1-96BA-0EABE2C6E606}.Debug|x64.ActiveCfg = Debug|Any CPU
		{CBBE5B2E-BD09-41D1-96BA-0EABE2C6E606}.Debug|x64.Build.0 = Debug|Any CPU
		{CBBE5B2E-BD09-41D1-96BA-0EABE2C6E606}.Debug|x86.ActiveCfg = Debug|Any CPU
		{CBBE5B2E-BD09-41D1-96BA-0EABE2C6E606}.Debug|x86.Build.0 = Debug|Any CPU
		{CBBE5B2E-BD09-41D1-96BA-0EABE2C6E606}.Release|Any CPU.ActiveCfg = Release|Any CPU
		{CBBE5B2E-BD09-41D1-96BA-0EABE2C6E606}.Release|Any CPU.Build.0 = Release|Any CPU
		{CBBE5B2E-BD09-41D1-96BA-0EABE2C6E606}.Release|x64.ActiveCfg = Release|Any CPU
		{CBBE5B2E-BD09-41D1-96BA-0EABE2C6E606}.Release|x64.Build.0 = Release|Any CPU
		{CBBE5B2E-BD09-41D1-96BA-0EABE2C6E606}.Release|x86.ActiveCfg = Release|Any CPU
		{CBBE5B2E-BD09-41D1-96BA-0EABE2C6E606}.Release|x86.Build.0 = Release|Any CPU
		{7E012540-0B60-47AC-ADAD-A9D837C5E851}.Debug|Any CPU.ActiveCfg = Debug|Any CPU
		{7E012540-0B60-47AC-ADAD-A9D837C5E851}.Debug|Any CPU.Build.0 = Debug|Any CPU
		{7E012540-0B60-47AC-ADAD-A9D837C5E851}.Debug|x64.ActiveCfg = Debug|Any CPU
		{7E012540-0B60-47AC-ADAD-A9D837C5E851}.Debug|x64.Build.0 = Debug|Any CPU
		{7E012540-0B60-47AC-ADAD-A9D837C5E851}.Debug|x86.ActiveCfg = Debug|Any CPU
		{7E012540-0B60-47AC-ADAD-A9D837C5E851}.Debug|x86.Build.0 = Debug|Any CPU
		{7E012540-0B60-47AC-ADAD-A9D837C5E851}.Release|Any CPU.ActiveCfg = Release|Any CPU
		{7E012540-0B60-47AC-ADAD-A9D837C5E851}.Release|Any CPU.Build.0 = Release|Any CPU
		{7E012540-0B60-47AC-ADAD-A9D837C5E851}.Release|x64.ActiveCfg = Release|Any CPU
		{7E012540-0B60-47AC-ADAD-A9D837C5E851}.Release|x64.Build.0 = Release|Any CPU
		{7E012540-0B60-47AC-ADAD-A9D837C5E851}.Release|x86.ActiveCfg = Release|Any CPU
		{7E012540-0B60-47AC-ADAD-A9D837C5E851}.Release|x86.Build.0 = Release|Any CPU
		{A500BF1A-A556-46D4-A940-A63F04BE4090}.Debug|Any CPU.ActiveCfg = Debug|Any CPU
		{A500BF1A-A556-46D4-A940-A63F04BE4090}.Debug|Any CPU.Build.0 = Debug|Any CPU
		{A500BF1A-A556-46D4-A940-A63F04BE4090}.Debug|x64.ActiveCfg = Debug|Any CPU
		{A500BF1A-A556-46D4-A940-A63F04BE4090}.Debug|x64.Build.0 = Debug|Any CPU
		{A500BF1A-A556-46D4-A940-A63F04BE4090}.Debug|x86.ActiveCfg = Debug|Any CPU
		{A500BF1A-A556-46D4-A940-A63F04BE4090}.Debug|x86.Build.0 = Debug|Any CPU
		{A500BF1A-A556-46D4-A940-A63F04BE4090}.Release|Any CPU.ActiveCfg = Release|Any CPU
		{A500BF1A-A556-46D4-A940-A63F04BE4090}.Release|Any CPU.Build.0 = Release|Any CPU
		{A500BF1A-A556-46D4-A940-A63F04BE4090}.Release|x64.ActiveCfg = Release|Any CPU
		{A500BF1A-A556-46D4-A940-A63F04BE4090}.Release|x64.Build.0 = Release|Any CPU
		{A500BF1A-A556-46D4-A940-A63F04BE4090}.Release|x86.ActiveCfg = Release|Any CPU
		{A500BF1A-A556-46D4-A940-A63F04BE4090}.Release|x86.Build.0 = Release|Any CPU
		{01512333-105C-47DB-AE97-C97A7DE442FE}.Debug|Any CPU.ActiveCfg = Debug|Any CPU
		{01512333-105C-47DB-AE97-C97A7DE442FE}.Debug|Any CPU.Build.0 = Debug|Any CPU
		{01512333-105C-47DB-AE97-C97A7DE442FE}.Debug|x64.ActiveCfg = Debug|Any CPU
		{01512333-105C-47DB-AE97-C97A7DE442FE}.Debug|x64.Build.0 = Debug|Any CPU
		{01512333-105C-47DB-AE97-C97A7DE442FE}.Debug|x86.ActiveCfg = Debug|Any CPU
		{01512333-105C-47DB-AE97-C97A7DE442FE}.Debug|x86.Build.0 = Debug|Any CPU
		{01512333-105C-47DB-AE97-C97A7DE442FE}.Release|Any CPU.ActiveCfg = Release|Any CPU
		{01512333-105C-47DB-AE97-C97A7DE442FE}.Release|Any CPU.Build.0 = Release|Any CPU
		{01512333-105C-47DB-AE97-C97A7DE442FE}.Release|x64.ActiveCfg = Release|Any CPU
		{01512333-105C-47DB-AE97-C97A7DE442FE}.Release|x64.Build.0 = Release|Any CPU
		{01512333-105C-47DB-AE97-C97A7DE442FE}.Release|x86.ActiveCfg = Release|Any CPU
		{01512333-105C-47DB-AE97-C97A7DE442FE}.Release|x86.Build.0 = Release|Any CPU
		{661F5C34-8039-4D86-B44E-ADD7823BFFD0}.Debug|Any CPU.ActiveCfg = Debug|Any CPU
		{661F5C34-8039-4D86-B44E-ADD7823BFFD0}.Debug|Any CPU.Build.0 = Debug|Any CPU
		{661F5C34-8039-4D86-B44E-ADD7823BFFD0}.Debug|x64.ActiveCfg = Debug|Any CPU
		{661F5C34-8039-4D86-B44E-ADD7823BFFD0}.Debug|x64.Build.0 = Debug|Any CPU
		{661F5C34-8039-4D86-B44E-ADD7823BFFD0}.Debug|x86.ActiveCfg = Debug|Any CPU
		{661F5C34-8039-4D86-B44E-ADD7823BFFD0}.Debug|x86.Build.0 = Debug|Any CPU
		{661F5C34-8039-4D86-B44E-ADD7823BFFD0}.Release|Any CPU.ActiveCfg = Release|Any CPU
		{661F5C34-8039-4D86-B44E-ADD7823BFFD0}.Release|Any CPU.Build.0 = Release|Any CPU
		{661F5C34-8039-4D86-B44E-ADD7823BFFD0}.Release|x64.ActiveCfg = Release|Any CPU
		{661F5C34-8039-4D86-B44E-ADD7823BFFD0}.Release|x64.Build.0 = Release|Any CPU
		{661F5C34-8039-4D86-B44E-ADD7823BFFD0}.Release|x86.ActiveCfg = Release|Any CPU
		{661F5C34-8039-4D86-B44E-ADD7823BFFD0}.Release|x86.Build.0 = Release|Any CPU
		{677BF3C1-EF46-4BCC-9F5D-EA9FFD16B4B4}.Debug|Any CPU.ActiveCfg = Debug|Any CPU
		{677BF3C1-EF46-4BCC-9F5D-EA9FFD16B4B4}.Debug|Any CPU.Build.0 = Debug|Any CPU
		{677BF3C1-EF46-4BCC-9F5D-EA9FFD16B4B4}.Debug|x64.ActiveCfg = Debug|Any CPU
		{677BF3C1-EF46-4BCC-9F5D-EA9FFD16B4B4}.Debug|x64.Build.0 = Debug|Any CPU
		{677BF3C1-EF46-4BCC-9F5D-EA9FFD16B4B4}.Debug|x86.ActiveCfg = Debug|Any CPU
		{677BF3C1-EF46-4BCC-9F5D-EA9FFD16B4B4}.Debug|x86.Build.0 = Debug|Any CPU
		{677BF3C1-EF46-4BCC-9F5D-EA9FFD16B4B4}.Release|Any CPU.ActiveCfg = Release|Any CPU
		{677BF3C1-EF46-4BCC-9F5D-EA9FFD16B4B4}.Release|Any CPU.Build.0 = Release|Any CPU
		{677BF3C1-EF46-4BCC-9F5D-EA9FFD16B4B4}.Release|x64.ActiveCfg = Release|Any CPU
		{677BF3C1-EF46-4BCC-9F5D-EA9FFD16B4B4}.Release|x64.Build.0 = Release|Any CPU
		{677BF3C1-EF46-4BCC-9F5D-EA9FFD16B4B4}.Release|x86.ActiveCfg = Release|Any CPU
		{677BF3C1-EF46-4BCC-9F5D-EA9FFD16B4B4}.Release|x86.Build.0 = Release|Any CPU
		{0191EF3A-F4F7-4E6E-B801-35C0528B4D76}.Debug|Any CPU.ActiveCfg = Debug|Any CPU
		{0191EF3A-F4F7-4E6E-B801-35C0528B4D76}.Debug|Any CPU.Build.0 = Debug|Any CPU
		{0191EF3A-F4F7-4E6E-B801-35C0528B4D76}.Debug|x64.ActiveCfg = Debug|Any CPU
		{0191EF3A-F4F7-4E6E-B801-35C0528B4D76}.Debug|x64.Build.0 = Debug|Any CPU
		{0191EF3A-F4F7-4E6E-B801-35C0528B4D76}.Debug|x86.ActiveCfg = Debug|Any CPU
		{0191EF3A-F4F7-4E6E-B801-35C0528B4D76}.Debug|x86.Build.0 = Debug|Any CPU
		{0191EF3A-F4F7-4E6E-B801-35C0528B4D76}.Release|Any CPU.ActiveCfg = Release|Any CPU
		{0191EF3A-F4F7-4E6E-B801-35C0528B4D76}.Release|Any CPU.Build.0 = Release|Any CPU
		{0191EF3A-F4F7-4E6E-B801-35C0528B4D76}.Release|x64.ActiveCfg = Release|Any CPU
		{0191EF3A-F4F7-4E6E-B801-35C0528B4D76}.Release|x64.Build.0 = Release|Any CPU
		{0191EF3A-F4F7-4E6E-B801-35C0528B4D76}.Release|x86.ActiveCfg = Release|Any CPU
		{0191EF3A-F4F7-4E6E-B801-35C0528B4D76}.Release|x86.Build.0 = Release|Any CPU
		{029A612B-D6B6-4297-A2D2-C60CBB7F7347}.Debug|Any CPU.ActiveCfg = Debug|Any CPU
		{029A612B-D6B6-4297-A2D2-C60CBB7F7347}.Debug|Any CPU.Build.0 = Debug|Any CPU
		{029A612B-D6B6-4297-A2D2-C60CBB7F7347}.Debug|x64.ActiveCfg = Debug|Any CPU
		{029A612B-D6B6-4297-A2D2-C60CBB7F7347}.Debug|x64.Build.0 = Debug|Any CPU
		{029A612B-D6B6-4297-A2D2-C60CBB7F7347}.Debug|x86.ActiveCfg = Debug|Any CPU
		{029A612B-D6B6-4297-A2D2-C60CBB7F7347}.Debug|x86.Build.0 = Debug|Any CPU
		{029A612B-D6B6-4297-A2D2-C60CBB7F7347}.Release|Any CPU.ActiveCfg = Release|Any CPU
		{029A612B-D6B6-4297-A2D2-C60CBB7F7347}.Release|Any CPU.Build.0 = Release|Any CPU
		{029A612B-D6B6-4297-A2D2-C60CBB7F7347}.Release|x64.ActiveCfg = Release|Any CPU
		{029A612B-D6B6-4297-A2D2-C60CBB7F7347}.Release|x64.Build.0 = Release|Any CPU
		{029A612B-D6B6-4297-A2D2-C60CBB7F7347}.Release|x86.ActiveCfg = Release|Any CPU
		{029A612B-D6B6-4297-A2D2-C60CBB7F7347}.Release|x86.Build.0 = Release|Any CPU
		{E5439700-585E-42B8-9E74-735A5C242898}.Debug|Any CPU.ActiveCfg = Debug|Any CPU
		{E5439700-585E-42B8-9E74-735A5C242898}.Debug|Any CPU.Build.0 = Debug|Any CPU
		{E5439700-585E-42B8-9E74-735A5C242898}.Debug|x64.ActiveCfg = Debug|Any CPU
		{E5439700-585E-42B8-9E74-735A5C242898}.Debug|x64.Build.0 = Debug|Any CPU
		{E5439700-585E-42B8-9E74-735A5C242898}.Debug|x86.ActiveCfg = Debug|Any CPU
		{E5439700-585E-42B8-9E74-735A5C242898}.Debug|x86.Build.0 = Debug|Any CPU
		{E5439700-585E-42B8-9E74-735A5C242898}.Release|Any CPU.ActiveCfg = Release|Any CPU
		{E5439700-585E-42B8-9E74-735A5C242898}.Release|Any CPU.Build.0 = Release|Any CPU
		{E5439700-585E-42B8-9E74-735A5C242898}.Release|x64.ActiveCfg = Release|Any CPU
		{E5439700-585E-42B8-9E74-735A5C242898}.Release|x64.Build.0 = Release|Any CPU
		{E5439700-585E-42B8-9E74-735A5C242898}.Release|x86.ActiveCfg = Release|Any CPU
		{E5439700-585E-42B8-9E74-735A5C242898}.Release|x86.Build.0 = Release|Any CPU
		{3842C56C-F8D8-4B10-B327-0E4E82AB04F1}.Debug|Any CPU.ActiveCfg = Debug|Any CPU
		{3842C56C-F8D8-4B10-B327-0E4E82AB04F1}.Debug|Any CPU.Build.0 = Debug|Any CPU
		{3842C56C-F8D8-4B10-B327-0E4E82AB04F1}.Debug|x64.ActiveCfg = Debug|Any CPU
		{3842C56C-F8D8-4B10-B327-0E4E82AB04F1}.Debug|x64.Build.0 = Debug|Any CPU
		{3842C56C-F8D8-4B10-B327-0E4E82AB04F1}.Debug|x86.ActiveCfg = Debug|Any CPU
		{3842C56C-F8D8-4B10-B327-0E4E82AB04F1}.Debug|x86.Build.0 = Debug|Any CPU
		{3842C56C-F8D8-4B10-B327-0E4E82AB04F1}.Release|Any CPU.ActiveCfg = Release|Any CPU
		{3842C56C-F8D8-4B10-B327-0E4E82AB04F1}.Release|Any CPU.Build.0 = Release|Any CPU
		{3842C56C-F8D8-4B10-B327-0E4E82AB04F1}.Release|x64.ActiveCfg = Release|Any CPU
		{3842C56C-F8D8-4B10-B327-0E4E82AB04F1}.Release|x64.Build.0 = Release|Any CPU
		{3842C56C-F8D8-4B10-B327-0E4E82AB04F1}.Release|x86.ActiveCfg = Release|Any CPU
		{3842C56C-F8D8-4B10-B327-0E4E82AB04F1}.Release|x86.Build.0 = Release|Any CPU
		{3AC1E10F-D152-4CA9-B2CF-1B9E6A0F2CE2}.Debug|Any CPU.ActiveCfg = Debug|Any CPU
		{3AC1E10F-D152-4CA9-B2CF-1B9E6A0F2CE2}.Debug|Any CPU.Build.0 = Debug|Any CPU
		{3AC1E10F-D152-4CA9-B2CF-1B9E6A0F2CE2}.Debug|x64.ActiveCfg = Debug|Any CPU
		{3AC1E10F-D152-4CA9-B2CF-1B9E6A0F2CE2}.Debug|x64.Build.0 = Debug|Any CPU
		{3AC1E10F-D152-4CA9-B2CF-1B9E6A0F2CE2}.Debug|x86.ActiveCfg = Debug|Any CPU
		{3AC1E10F-D152-4CA9-B2CF-1B9E6A0F2CE2}.Debug|x86.Build.0 = Debug|Any CPU
		{3AC1E10F-D152-4CA9-B2CF-1B9E6A0F2CE2}.Release|Any CPU.ActiveCfg = Release|Any CPU
		{3AC1E10F-D152-4CA9-B2CF-1B9E6A0F2CE2}.Release|Any CPU.Build.0 = Release|Any CPU
		{3AC1E10F-D152-4CA9-B2CF-1B9E6A0F2CE2}.Release|x64.ActiveCfg = Release|Any CPU
		{3AC1E10F-D152-4CA9-B2CF-1B9E6A0F2CE2}.Release|x64.Build.0 = Release|Any CPU
		{3AC1E10F-D152-4CA9-B2CF-1B9E6A0F2CE2}.Release|x86.ActiveCfg = Release|Any CPU
		{3AC1E10F-D152-4CA9-B2CF-1B9E6A0F2CE2}.Release|x86.Build.0 = Release|Any CPU
		{ABBE087E-87EF-428E-BE47-AD9CD58B9FD3}.Debug|Any CPU.ActiveCfg = Debug|Any CPU
		{ABBE087E-87EF-428E-BE47-AD9CD58B9FD3}.Debug|Any CPU.Build.0 = Debug|Any CPU
		{ABBE087E-87EF-428E-BE47-AD9CD58B9FD3}.Debug|x64.ActiveCfg = Debug|Any CPU
		{ABBE087E-87EF-428E-BE47-AD9CD58B9FD3}.Debug|x64.Build.0 = Debug|Any CPU
		{ABBE087E-87EF-428E-BE47-AD9CD58B9FD3}.Debug|x86.ActiveCfg = Debug|Any CPU
		{ABBE087E-87EF-428E-BE47-AD9CD58B9FD3}.Debug|x86.Build.0 = Debug|Any CPU
		{ABBE087E-87EF-428E-BE47-AD9CD58B9FD3}.Release|Any CPU.ActiveCfg = Release|Any CPU
		{ABBE087E-87EF-428E-BE47-AD9CD58B9FD3}.Release|Any CPU.Build.0 = Release|Any CPU
		{ABBE087E-87EF-428E-BE47-AD9CD58B9FD3}.Release|x64.ActiveCfg = Release|Any CPU
		{ABBE087E-87EF-428E-BE47-AD9CD58B9FD3}.Release|x64.Build.0 = Release|Any CPU
		{ABBE087E-87EF-428E-BE47-AD9CD58B9FD3}.Release|x86.ActiveCfg = Release|Any CPU
		{ABBE087E-87EF-428E-BE47-AD9CD58B9FD3}.Release|x86.Build.0 = Release|Any CPU
		{2D2006A9-22A8-4669-980A-4528A0644760}.Debug|Any CPU.ActiveCfg = Debug|Any CPU
		{2D2006A9-22A8-4669-980A-4528A0644760}.Debug|Any CPU.Build.0 = Debug|Any CPU
		{2D2006A9-22A8-4669-980A-4528A0644760}.Debug|x64.ActiveCfg = Debug|Any CPU
		{2D2006A9-22A8-4669-980A-4528A0644760}.Debug|x64.Build.0 = Debug|Any CPU
		{2D2006A9-22A8-4669-980A-4528A0644760}.Debug|x86.ActiveCfg = Debug|Any CPU
		{2D2006A9-22A8-4669-980A-4528A0644760}.Debug|x86.Build.0 = Debug|Any CPU
		{2D2006A9-22A8-4669-980A-4528A0644760}.Release|Any CPU.ActiveCfg = Release|Any CPU
		{2D2006A9-22A8-4669-980A-4528A0644760}.Release|Any CPU.Build.0 = Release|Any CPU
		{2D2006A9-22A8-4669-980A-4528A0644760}.Release|x64.ActiveCfg = Release|Any CPU
		{2D2006A9-22A8-4669-980A-4528A0644760}.Release|x64.Build.0 = Release|Any CPU
		{2D2006A9-22A8-4669-980A-4528A0644760}.Release|x86.ActiveCfg = Release|Any CPU
		{2D2006A9-22A8-4669-980A-4528A0644760}.Release|x86.Build.0 = Release|Any CPU
		{EA07FA4A-82CF-4B55-9639-7106CDA3E654}.Debug|Any CPU.ActiveCfg = Debug|Any CPU
		{EA07FA4A-82CF-4B55-9639-7106CDA3E654}.Debug|Any CPU.Build.0 = Debug|Any CPU
		{EA07FA4A-82CF-4B55-9639-7106CDA3E654}.Debug|x64.ActiveCfg = Debug|Any CPU
		{EA07FA4A-82CF-4B55-9639-7106CDA3E654}.Debug|x64.Build.0 = Debug|Any CPU
		{EA07FA4A-82CF-4B55-9639-7106CDA3E654}.Debug|x86.ActiveCfg = Debug|Any CPU
		{EA07FA4A-82CF-4B55-9639-7106CDA3E654}.Debug|x86.Build.0 = Debug|Any CPU
		{EA07FA4A-82CF-4B55-9639-7106CDA3E654}.Release|Any CPU.ActiveCfg = Release|Any CPU
		{EA07FA4A-82CF-4B55-9639-7106CDA3E654}.Release|Any CPU.Build.0 = Release|Any CPU
		{EA07FA4A-82CF-4B55-9639-7106CDA3E654}.Release|x64.ActiveCfg = Release|Any CPU
		{EA07FA4A-82CF-4B55-9639-7106CDA3E654}.Release|x64.Build.0 = Release|Any CPU
		{EA07FA4A-82CF-4B55-9639-7106CDA3E654}.Release|x86.ActiveCfg = Release|Any CPU
		{EA07FA4A-82CF-4B55-9639-7106CDA3E654}.Release|x86.Build.0 = Release|Any CPU
		{50CE759C-9532-479B-BC35-D51FB699650D}.Debug|Any CPU.ActiveCfg = Debug|Any CPU
		{50CE759C-9532-479B-BC35-D51FB699650D}.Debug|Any CPU.Build.0 = Debug|Any CPU
		{50CE759C-9532-479B-BC35-D51FB699650D}.Debug|x64.ActiveCfg = Debug|Any CPU
		{50CE759C-9532-479B-BC35-D51FB699650D}.Debug|x64.Build.0 = Debug|Any CPU
		{50CE759C-9532-479B-BC35-D51FB699650D}.Debug|x86.ActiveCfg = Debug|Any CPU
		{50CE759C-9532-479B-BC35-D51FB699650D}.Debug|x86.Build.0 = Debug|Any CPU
		{50CE759C-9532-479B-BC35-D51FB699650D}.Release|Any CPU.ActiveCfg = Release|Any CPU
		{50CE759C-9532-479B-BC35-D51FB699650D}.Release|Any CPU.Build.0 = Release|Any CPU
		{50CE759C-9532-479B-BC35-D51FB699650D}.Release|x64.ActiveCfg = Release|Any CPU
		{50CE759C-9532-479B-BC35-D51FB699650D}.Release|x64.Build.0 = Release|Any CPU
		{50CE759C-9532-479B-BC35-D51FB699650D}.Release|x86.ActiveCfg = Release|Any CPU
		{50CE759C-9532-479B-BC35-D51FB699650D}.Release|x86.Build.0 = Release|Any CPU
		{85CE4F72-C1BE-4C57-9329-2B8FBC3A39F2}.Debug|Any CPU.ActiveCfg = Debug|Any CPU
		{85CE4F72-C1BE-4C57-9329-2B8FBC3A39F2}.Debug|Any CPU.Build.0 = Debug|Any CPU
		{85CE4F72-C1BE-4C57-9329-2B8FBC3A39F2}.Debug|x64.ActiveCfg = Debug|Any CPU
		{85CE4F72-C1BE-4C57-9329-2B8FBC3A39F2}.Debug|x64.Build.0 = Debug|Any CPU
		{85CE4F72-C1BE-4C57-9329-2B8FBC3A39F2}.Debug|x86.ActiveCfg = Debug|Any CPU
		{85CE4F72-C1BE-4C57-9329-2B8FBC3A39F2}.Debug|x86.Build.0 = Debug|Any CPU
		{85CE4F72-C1BE-4C57-9329-2B8FBC3A39F2}.Release|Any CPU.ActiveCfg = Release|Any CPU
		{85CE4F72-C1BE-4C57-9329-2B8FBC3A39F2}.Release|Any CPU.Build.0 = Release|Any CPU
		{85CE4F72-C1BE-4C57-9329-2B8FBC3A39F2}.Release|x64.ActiveCfg = Release|Any CPU
		{85CE4F72-C1BE-4C57-9329-2B8FBC3A39F2}.Release|x64.Build.0 = Release|Any CPU
		{85CE4F72-C1BE-4C57-9329-2B8FBC3A39F2}.Release|x86.ActiveCfg = Release|Any CPU
		{85CE4F72-C1BE-4C57-9329-2B8FBC3A39F2}.Release|x86.Build.0 = Release|Any CPU
		{BEA84E54-9211-4686-A199-C4EFAA4F418D}.Debug|Any CPU.ActiveCfg = Debug|Any CPU
		{BEA84E54-9211-4686-A199-C4EFAA4F418D}.Debug|Any CPU.Build.0 = Debug|Any CPU
		{BEA84E54-9211-4686-A199-C4EFAA4F418D}.Debug|x64.ActiveCfg = Debug|Any CPU
		{BEA84E54-9211-4686-A199-C4EFAA4F418D}.Debug|x64.Build.0 = Debug|Any CPU
		{BEA84E54-9211-4686-A199-C4EFAA4F418D}.Debug|x86.ActiveCfg = Debug|Any CPU
		{BEA84E54-9211-4686-A199-C4EFAA4F418D}.Debug|x86.Build.0 = Debug|Any CPU
		{BEA84E54-9211-4686-A199-C4EFAA4F418D}.Release|Any CPU.ActiveCfg = Release|Any CPU
		{BEA84E54-9211-4686-A199-C4EFAA4F418D}.Release|Any CPU.Build.0 = Release|Any CPU
		{BEA84E54-9211-4686-A199-C4EFAA4F418D}.Release|x64.ActiveCfg = Release|Any CPU
		{BEA84E54-9211-4686-A199-C4EFAA4F418D}.Release|x64.Build.0 = Release|Any CPU
		{BEA84E54-9211-4686-A199-C4EFAA4F418D}.Release|x86.ActiveCfg = Release|Any CPU
		{BEA84E54-9211-4686-A199-C4EFAA4F418D}.Release|x86.Build.0 = Release|Any CPU
		{0D14B548-9015-4002-B2FF-E9C682CEE21F}.Debug|Any CPU.ActiveCfg = Debug|Any CPU
		{0D14B548-9015-4002-B2FF-E9C682CEE21F}.Debug|Any CPU.Build.0 = Debug|Any CPU
		{0D14B548-9015-4002-B2FF-E9C682CEE21F}.Debug|x64.ActiveCfg = Debug|Any CPU
		{0D14B548-9015-4002-B2FF-E9C682CEE21F}.Debug|x64.Build.0 = Debug|Any CPU
		{0D14B548-9015-4002-B2FF-E9C682CEE21F}.Debug|x86.ActiveCfg = Debug|Any CPU
		{0D14B548-9015-4002-B2FF-E9C682CEE21F}.Debug|x86.Build.0 = Debug|Any CPU
		{0D14B548-9015-4002-B2FF-E9C682CEE21F}.Release|Any CPU.ActiveCfg = Release|Any CPU
		{0D14B548-9015-4002-B2FF-E9C682CEE21F}.Release|Any CPU.Build.0 = Release|Any CPU
		{0D14B548-9015-4002-B2FF-E9C682CEE21F}.Release|x64.ActiveCfg = Release|Any CPU
		{0D14B548-9015-4002-B2FF-E9C682CEE21F}.Release|x64.Build.0 = Release|Any CPU
		{0D14B548-9015-4002-B2FF-E9C682CEE21F}.Release|x86.ActiveCfg = Release|Any CPU
		{0D14B548-9015-4002-B2FF-E9C682CEE21F}.Release|x86.Build.0 = Release|Any CPU
		{52872F26-A73A-42A8-8D95-833038E9D34F}.Debug|Any CPU.ActiveCfg = Debug|Any CPU
		{52872F26-A73A-42A8-8D95-833038E9D34F}.Debug|Any CPU.Build.0 = Debug|Any CPU
		{52872F26-A73A-42A8-8D95-833038E9D34F}.Debug|x64.ActiveCfg = Debug|Any CPU
		{52872F26-A73A-42A8-8D95-833038E9D34F}.Debug|x64.Build.0 = Debug|Any CPU
		{52872F26-A73A-42A8-8D95-833038E9D34F}.Debug|x86.ActiveCfg = Debug|Any CPU
		{52872F26-A73A-42A8-8D95-833038E9D34F}.Debug|x86.Build.0 = Debug|Any CPU
		{52872F26-A73A-42A8-8D95-833038E9D34F}.Release|Any CPU.ActiveCfg = Release|Any CPU
		{52872F26-A73A-42A8-8D95-833038E9D34F}.Release|Any CPU.Build.0 = Release|Any CPU
		{52872F26-A73A-42A8-8D95-833038E9D34F}.Release|x64.ActiveCfg = Release|Any CPU
		{52872F26-A73A-42A8-8D95-833038E9D34F}.Release|x64.Build.0 = Release|Any CPU
		{52872F26-A73A-42A8-8D95-833038E9D34F}.Release|x86.ActiveCfg = Release|Any CPU
		{52872F26-A73A-42A8-8D95-833038E9D34F}.Release|x86.Build.0 = Release|Any CPU
		{02A598F0-20C0-49B3-AFE7-5EC25F3739EC}.Debug|Any CPU.ActiveCfg = Debug|Any CPU
		{02A598F0-20C0-49B3-AFE7-5EC25F3739EC}.Debug|Any CPU.Build.0 = Debug|Any CPU
		{02A598F0-20C0-49B3-AFE7-5EC25F3739EC}.Debug|x64.ActiveCfg = Debug|Any CPU
		{02A598F0-20C0-49B3-AFE7-5EC25F3739EC}.Debug|x64.Build.0 = Debug|Any CPU
		{02A598F0-20C0-49B3-AFE7-5EC25F3739EC}.Debug|x86.ActiveCfg = Debug|Any CPU
		{02A598F0-20C0-49B3-AFE7-5EC25F3739EC}.Debug|x86.Build.0 = Debug|Any CPU
		{02A598F0-20C0-49B3-AFE7-5EC25F3739EC}.Release|Any CPU.ActiveCfg = Release|Any CPU
		{02A598F0-20C0-49B3-AFE7-5EC25F3739EC}.Release|Any CPU.Build.0 = Release|Any CPU
		{02A598F0-20C0-49B3-AFE7-5EC25F3739EC}.Release|x64.ActiveCfg = Release|Any CPU
		{02A598F0-20C0-49B3-AFE7-5EC25F3739EC}.Release|x64.Build.0 = Release|Any CPU
		{02A598F0-20C0-49B3-AFE7-5EC25F3739EC}.Release|x86.ActiveCfg = Release|Any CPU
		{02A598F0-20C0-49B3-AFE7-5EC25F3739EC}.Release|x86.Build.0 = Release|Any CPU
		{B37760C9-384E-4178-82F3-B17F0C3AF858}.Debug|Any CPU.ActiveCfg = Debug|Any CPU
		{B37760C9-384E-4178-82F3-B17F0C3AF858}.Debug|Any CPU.Build.0 = Debug|Any CPU
		{B37760C9-384E-4178-82F3-B17F0C3AF858}.Debug|x64.ActiveCfg = Debug|Any CPU
		{B37760C9-384E-4178-82F3-B17F0C3AF858}.Debug|x64.Build.0 = Debug|Any CPU
		{B37760C9-384E-4178-82F3-B17F0C3AF858}.Debug|x86.ActiveCfg = Debug|Any CPU
		{B37760C9-384E-4178-82F3-B17F0C3AF858}.Debug|x86.Build.0 = Debug|Any CPU
		{B37760C9-384E-4178-82F3-B17F0C3AF858}.Release|Any CPU.ActiveCfg = Release|Any CPU
		{B37760C9-384E-4178-82F3-B17F0C3AF858}.Release|Any CPU.Build.0 = Release|Any CPU
		{B37760C9-384E-4178-82F3-B17F0C3AF858}.Release|x64.ActiveCfg = Release|Any CPU
		{B37760C9-384E-4178-82F3-B17F0C3AF858}.Release|x64.Build.0 = Release|Any CPU
		{B37760C9-384E-4178-82F3-B17F0C3AF858}.Release|x86.ActiveCfg = Release|Any CPU
		{B37760C9-384E-4178-82F3-B17F0C3AF858}.Release|x86.Build.0 = Release|Any CPU
		{B4FE2451-756A-4849-BBA2-AC74ABF508B8}.Debug|Any CPU.ActiveCfg = Debug|Any CPU
		{B4FE2451-756A-4849-BBA2-AC74ABF508B8}.Debug|Any CPU.Build.0 = Debug|Any CPU
		{B4FE2451-756A-4849-BBA2-AC74ABF508B8}.Debug|x64.ActiveCfg = Debug|Any CPU
		{B4FE2451-756A-4849-BBA2-AC74ABF508B8}.Debug|x64.Build.0 = Debug|Any CPU
		{B4FE2451-756A-4849-BBA2-AC74ABF508B8}.Debug|x86.ActiveCfg = Debug|Any CPU
		{B4FE2451-756A-4849-BBA2-AC74ABF508B8}.Debug|x86.Build.0 = Debug|Any CPU
		{B4FE2451-756A-4849-BBA2-AC74ABF508B8}.Release|Any CPU.ActiveCfg = Release|Any CPU
		{B4FE2451-756A-4849-BBA2-AC74ABF508B8}.Release|Any CPU.Build.0 = Release|Any CPU
		{B4FE2451-756A-4849-BBA2-AC74ABF508B8}.Release|x64.ActiveCfg = Release|Any CPU
		{B4FE2451-756A-4849-BBA2-AC74ABF508B8}.Release|x64.Build.0 = Release|Any CPU
		{B4FE2451-756A-4849-BBA2-AC74ABF508B8}.Release|x86.ActiveCfg = Release|Any CPU
		{B4FE2451-756A-4849-BBA2-AC74ABF508B8}.Release|x86.Build.0 = Release|Any CPU
		{E7595110-7773-4BF5-BFC5-898837F4CC06}.Debug|Any CPU.ActiveCfg = Debug|Any CPU
		{E7595110-7773-4BF5-BFC5-898837F4CC06}.Debug|Any CPU.Build.0 = Debug|Any CPU
		{E7595110-7773-4BF5-BFC5-898837F4CC06}.Debug|x64.ActiveCfg = Debug|Any CPU
		{E7595110-7773-4BF5-BFC5-898837F4CC06}.Debug|x64.Build.0 = Debug|Any CPU
		{E7595110-7773-4BF5-BFC5-898837F4CC06}.Debug|x86.ActiveCfg = Debug|Any CPU
		{E7595110-7773-4BF5-BFC5-898837F4CC06}.Debug|x86.Build.0 = Debug|Any CPU
		{E7595110-7773-4BF5-BFC5-898837F4CC06}.Release|Any CPU.ActiveCfg = Release|Any CPU
		{E7595110-7773-4BF5-BFC5-898837F4CC06}.Release|Any CPU.Build.0 = Release|Any CPU
		{E7595110-7773-4BF5-BFC5-898837F4CC06}.Release|x64.ActiveCfg = Release|Any CPU
		{E7595110-7773-4BF5-BFC5-898837F4CC06}.Release|x64.Build.0 = Release|Any CPU
		{E7595110-7773-4BF5-BFC5-898837F4CC06}.Release|x86.ActiveCfg = Release|Any CPU
		{E7595110-7773-4BF5-BFC5-898837F4CC06}.Release|x86.Build.0 = Release|Any CPU
		{95BE46C2-AB67-4338-9F13-73C6160AEF70}.Debug|Any CPU.ActiveCfg = Debug|Any CPU
		{95BE46C2-AB67-4338-9F13-73C6160AEF70}.Debug|Any CPU.Build.0 = Debug|Any CPU
		{95BE46C2-AB67-4338-9F13-73C6160AEF70}.Debug|x64.ActiveCfg = Debug|Any CPU
		{95BE46C2-AB67-4338-9F13-73C6160AEF70}.Debug|x64.Build.0 = Debug|Any CPU
		{95BE46C2-AB67-4338-9F13-73C6160AEF70}.Debug|x86.ActiveCfg = Debug|Any CPU
		{95BE46C2-AB67-4338-9F13-73C6160AEF70}.Debug|x86.Build.0 = Debug|Any CPU
		{95BE46C2-AB67-4338-9F13-73C6160AEF70}.Release|Any CPU.ActiveCfg = Release|Any CPU
		{95BE46C2-AB67-4338-9F13-73C6160AEF70}.Release|Any CPU.Build.0 = Release|Any CPU
		{95BE46C2-AB67-4338-9F13-73C6160AEF70}.Release|x64.ActiveCfg = Release|Any CPU
		{95BE46C2-AB67-4338-9F13-73C6160AEF70}.Release|x64.Build.0 = Release|Any CPU
		{95BE46C2-AB67-4338-9F13-73C6160AEF70}.Release|x86.ActiveCfg = Release|Any CPU
		{95BE46C2-AB67-4338-9F13-73C6160AEF70}.Release|x86.Build.0 = Release|Any CPU
		{F45EB3FA-10D7-4ADF-AAC1-6172EDF34F37}.Debug|Any CPU.ActiveCfg = Debug|Any CPU
		{F45EB3FA-10D7-4ADF-AAC1-6172EDF34F37}.Debug|Any CPU.Build.0 = Debug|Any CPU
		{F45EB3FA-10D7-4ADF-AAC1-6172EDF34F37}.Debug|x64.ActiveCfg = Debug|Any CPU
		{F45EB3FA-10D7-4ADF-AAC1-6172EDF34F37}.Debug|x64.Build.0 = Debug|Any CPU
		{F45EB3FA-10D7-4ADF-AAC1-6172EDF34F37}.Debug|x86.ActiveCfg = Debug|Any CPU
		{F45EB3FA-10D7-4ADF-AAC1-6172EDF34F37}.Debug|x86.Build.0 = Debug|Any CPU
		{F45EB3FA-10D7-4ADF-AAC1-6172EDF34F37}.Release|Any CPU.ActiveCfg = Release|Any CPU
		{F45EB3FA-10D7-4ADF-AAC1-6172EDF34F37}.Release|Any CPU.Build.0 = Release|Any CPU
		{F45EB3FA-10D7-4ADF-AAC1-6172EDF34F37}.Release|x64.ActiveCfg = Release|Any CPU
		{F45EB3FA-10D7-4ADF-AAC1-6172EDF34F37}.Release|x64.Build.0 = Release|Any CPU
		{F45EB3FA-10D7-4ADF-AAC1-6172EDF34F37}.Release|x86.ActiveCfg = Release|Any CPU
		{F45EB3FA-10D7-4ADF-AAC1-6172EDF34F37}.Release|x86.Build.0 = Release|Any CPU
		{0496E72F-7F9E-44A7-83DE-98B781A4FB12}.Debug|Any CPU.ActiveCfg = Debug|Any CPU
		{0496E72F-7F9E-44A7-83DE-98B781A4FB12}.Debug|Any CPU.Build.0 = Debug|Any CPU
		{0496E72F-7F9E-44A7-83DE-98B781A4FB12}.Debug|x64.ActiveCfg = Debug|Any CPU
		{0496E72F-7F9E-44A7-83DE-98B781A4FB12}.Debug|x64.Build.0 = Debug|Any CPU
		{0496E72F-7F9E-44A7-83DE-98B781A4FB12}.Debug|x86.ActiveCfg = Debug|Any CPU
		{0496E72F-7F9E-44A7-83DE-98B781A4FB12}.Debug|x86.Build.0 = Debug|Any CPU
		{0496E72F-7F9E-44A7-83DE-98B781A4FB12}.Release|Any CPU.ActiveCfg = Release|Any CPU
		{0496E72F-7F9E-44A7-83DE-98B781A4FB12}.Release|Any CPU.Build.0 = Release|Any CPU
		{0496E72F-7F9E-44A7-83DE-98B781A4FB12}.Release|x64.ActiveCfg = Release|Any CPU
		{0496E72F-7F9E-44A7-83DE-98B781A4FB12}.Release|x64.Build.0 = Release|Any CPU
		{0496E72F-7F9E-44A7-83DE-98B781A4FB12}.Release|x86.ActiveCfg = Release|Any CPU
		{0496E72F-7F9E-44A7-83DE-98B781A4FB12}.Release|x86.Build.0 = Release|Any CPU
		{67BDA7E6-84EF-47D3-A0AF-B29C504132F2}.Debug|Any CPU.ActiveCfg = Debug|Any CPU
		{67BDA7E6-84EF-47D3-A0AF-B29C504132F2}.Debug|Any CPU.Build.0 = Debug|Any CPU
		{67BDA7E6-84EF-47D3-A0AF-B29C504132F2}.Debug|x64.ActiveCfg = Debug|Any CPU
		{67BDA7E6-84EF-47D3-A0AF-B29C504132F2}.Debug|x64.Build.0 = Debug|Any CPU
		{67BDA7E6-84EF-47D3-A0AF-B29C504132F2}.Debug|x86.ActiveCfg = Debug|Any CPU
		{67BDA7E6-84EF-47D3-A0AF-B29C504132F2}.Debug|x86.Build.0 = Debug|Any CPU
		{67BDA7E6-84EF-47D3-A0AF-B29C504132F2}.Release|Any CPU.ActiveCfg = Release|Any CPU
		{67BDA7E6-84EF-47D3-A0AF-B29C504132F2}.Release|Any CPU.Build.0 = Release|Any CPU
		{67BDA7E6-84EF-47D3-A0AF-B29C504132F2}.Release|x64.ActiveCfg = Release|Any CPU
		{67BDA7E6-84EF-47D3-A0AF-B29C504132F2}.Release|x64.Build.0 = Release|Any CPU
		{67BDA7E6-84EF-47D3-A0AF-B29C504132F2}.Release|x86.ActiveCfg = Release|Any CPU
		{67BDA7E6-84EF-47D3-A0AF-B29C504132F2}.Release|x86.Build.0 = Release|Any CPU
		{63F1DF3F-54C2-41E5-ABEF-3254A26C19BA}.Debug|Any CPU.ActiveCfg = Debug|Any CPU
		{63F1DF3F-54C2-41E5-ABEF-3254A26C19BA}.Debug|Any CPU.Build.0 = Debug|Any CPU
		{63F1DF3F-54C2-41E5-ABEF-3254A26C19BA}.Debug|x64.ActiveCfg = Debug|Any CPU
		{63F1DF3F-54C2-41E5-ABEF-3254A26C19BA}.Debug|x64.Build.0 = Debug|Any CPU
		{63F1DF3F-54C2-41E5-ABEF-3254A26C19BA}.Debug|x86.ActiveCfg = Debug|Any CPU
		{63F1DF3F-54C2-41E5-ABEF-3254A26C19BA}.Debug|x86.Build.0 = Debug|Any CPU
		{63F1DF3F-54C2-41E5-ABEF-3254A26C19BA}.Release|Any CPU.ActiveCfg = Release|Any CPU
		{63F1DF3F-54C2-41E5-ABEF-3254A26C19BA}.Release|Any CPU.Build.0 = Release|Any CPU
		{63F1DF3F-54C2-41E5-ABEF-3254A26C19BA}.Release|x64.ActiveCfg = Release|Any CPU
		{63F1DF3F-54C2-41E5-ABEF-3254A26C19BA}.Release|x64.Build.0 = Release|Any CPU
		{63F1DF3F-54C2-41E5-ABEF-3254A26C19BA}.Release|x86.ActiveCfg = Release|Any CPU
		{63F1DF3F-54C2-41E5-ABEF-3254A26C19BA}.Release|x86.Build.0 = Release|Any CPU
		{0A47D47F-4D42-467A-8BD5-078CAA1CD25E}.Debug|Any CPU.ActiveCfg = Debug|Any CPU
		{0A47D47F-4D42-467A-8BD5-078CAA1CD25E}.Debug|Any CPU.Build.0 = Debug|Any CPU
		{0A47D47F-4D42-467A-8BD5-078CAA1CD25E}.Debug|x64.ActiveCfg = Debug|Any CPU
		{0A47D47F-4D42-467A-8BD5-078CAA1CD25E}.Debug|x64.Build.0 = Debug|Any CPU
		{0A47D47F-4D42-467A-8BD5-078CAA1CD25E}.Debug|x86.ActiveCfg = Debug|Any CPU
		{0A47D47F-4D42-467A-8BD5-078CAA1CD25E}.Debug|x86.Build.0 = Debug|Any CPU
		{0A47D47F-4D42-467A-8BD5-078CAA1CD25E}.Release|Any CPU.ActiveCfg = Release|Any CPU
		{0A47D47F-4D42-467A-8BD5-078CAA1CD25E}.Release|Any CPU.Build.0 = Release|Any CPU
		{0A47D47F-4D42-467A-8BD5-078CAA1CD25E}.Release|x64.ActiveCfg = Release|Any CPU
		{0A47D47F-4D42-467A-8BD5-078CAA1CD25E}.Release|x64.Build.0 = Release|Any CPU
		{0A47D47F-4D42-467A-8BD5-078CAA1CD25E}.Release|x86.ActiveCfg = Release|Any CPU
		{0A47D47F-4D42-467A-8BD5-078CAA1CD25E}.Release|x86.Build.0 = Release|Any CPU
		{A848298C-B589-4FBE-845F-7E0718DDB78D}.Debug|Any CPU.ActiveCfg = Debug|Any CPU
		{A848298C-B589-4FBE-845F-7E0718DDB78D}.Debug|Any CPU.Build.0 = Debug|Any CPU
		{A848298C-B589-4FBE-845F-7E0718DDB78D}.Debug|x64.ActiveCfg = Debug|Any CPU
		{A848298C-B589-4FBE-845F-7E0718DDB78D}.Debug|x64.Build.0 = Debug|Any CPU
		{A848298C-B589-4FBE-845F-7E0718DDB78D}.Debug|x86.ActiveCfg = Debug|Any CPU
		{A848298C-B589-4FBE-845F-7E0718DDB78D}.Debug|x86.Build.0 = Debug|Any CPU
		{A848298C-B589-4FBE-845F-7E0718DDB78D}.Release|Any CPU.ActiveCfg = Release|Any CPU
		{A848298C-B589-4FBE-845F-7E0718DDB78D}.Release|Any CPU.Build.0 = Release|Any CPU
		{A848298C-B589-4FBE-845F-7E0718DDB78D}.Release|x64.ActiveCfg = Release|Any CPU
		{A848298C-B589-4FBE-845F-7E0718DDB78D}.Release|x64.Build.0 = Release|Any CPU
		{A848298C-B589-4FBE-845F-7E0718DDB78D}.Release|x86.ActiveCfg = Release|Any CPU
		{A848298C-B589-4FBE-845F-7E0718DDB78D}.Release|x86.Build.0 = Release|Any CPU
		{EA1E0085-2753-42A1-90D3-191282CB487A}.Debug|Any CPU.ActiveCfg = Debug|Any CPU
		{EA1E0085-2753-42A1-90D3-191282CB487A}.Debug|Any CPU.Build.0 = Debug|Any CPU
		{EA1E0085-2753-42A1-90D3-191282CB487A}.Debug|x64.ActiveCfg = Debug|Any CPU
		{EA1E0085-2753-42A1-90D3-191282CB487A}.Debug|x64.Build.0 = Debug|Any CPU
		{EA1E0085-2753-42A1-90D3-191282CB487A}.Debug|x86.ActiveCfg = Debug|Any CPU
		{EA1E0085-2753-42A1-90D3-191282CB487A}.Debug|x86.Build.0 = Debug|Any CPU
		{EA1E0085-2753-42A1-90D3-191282CB487A}.Release|Any CPU.ActiveCfg = Release|Any CPU
		{EA1E0085-2753-42A1-90D3-191282CB487A}.Release|Any CPU.Build.0 = Release|Any CPU
		{EA1E0085-2753-42A1-90D3-191282CB487A}.Release|x64.ActiveCfg = Release|Any CPU
		{EA1E0085-2753-42A1-90D3-191282CB487A}.Release|x64.Build.0 = Release|Any CPU
		{EA1E0085-2753-42A1-90D3-191282CB487A}.Release|x86.ActiveCfg = Release|Any CPU
		{EA1E0085-2753-42A1-90D3-191282CB487A}.Release|x86.Build.0 = Release|Any CPU
		{D9A86A0C-EE0D-43D5-8C72-EB408C2C297E}.Debug|Any CPU.ActiveCfg = Debug|Any CPU
		{D9A86A0C-EE0D-43D5-8C72-EB408C2C297E}.Debug|Any CPU.Build.0 = Debug|Any CPU
		{D9A86A0C-EE0D-43D5-8C72-EB408C2C297E}.Debug|x64.ActiveCfg = Debug|Any CPU
		{D9A86A0C-EE0D-43D5-8C72-EB408C2C297E}.Debug|x64.Build.0 = Debug|Any CPU
		{D9A86A0C-EE0D-43D5-8C72-EB408C2C297E}.Debug|x86.ActiveCfg = Debug|Any CPU
		{D9A86A0C-EE0D-43D5-8C72-EB408C2C297E}.Debug|x86.Build.0 = Debug|Any CPU
		{D9A86A0C-EE0D-43D5-8C72-EB408C2C297E}.Release|Any CPU.ActiveCfg = Release|Any CPU
		{D9A86A0C-EE0D-43D5-8C72-EB408C2C297E}.Release|Any CPU.Build.0 = Release|Any CPU
		{D9A86A0C-EE0D-43D5-8C72-EB408C2C297E}.Release|x64.ActiveCfg = Release|Any CPU
		{D9A86A0C-EE0D-43D5-8C72-EB408C2C297E}.Release|x64.Build.0 = Release|Any CPU
		{D9A86A0C-EE0D-43D5-8C72-EB408C2C297E}.Release|x86.ActiveCfg = Release|Any CPU
		{D9A86A0C-EE0D-43D5-8C72-EB408C2C297E}.Release|x86.Build.0 = Release|Any CPU
		{EF9FA99D-2FC5-4E51-9337-C9D542744F09}.Debug|Any CPU.ActiveCfg = Debug|Any CPU
		{EF9FA99D-2FC5-4E51-9337-C9D542744F09}.Debug|Any CPU.Build.0 = Debug|Any CPU
		{EF9FA99D-2FC5-4E51-9337-C9D542744F09}.Debug|x64.ActiveCfg = Debug|Any CPU
		{EF9FA99D-2FC5-4E51-9337-C9D542744F09}.Debug|x64.Build.0 = Debug|Any CPU
		{EF9FA99D-2FC5-4E51-9337-C9D542744F09}.Debug|x86.ActiveCfg = Debug|Any CPU
		{EF9FA99D-2FC5-4E51-9337-C9D542744F09}.Debug|x86.Build.0 = Debug|Any CPU
		{EF9FA99D-2FC5-4E51-9337-C9D542744F09}.Release|Any CPU.ActiveCfg = Release|Any CPU
		{EF9FA99D-2FC5-4E51-9337-C9D542744F09}.Release|Any CPU.Build.0 = Release|Any CPU
		{EF9FA99D-2FC5-4E51-9337-C9D542744F09}.Release|x64.ActiveCfg = Release|Any CPU
		{EF9FA99D-2FC5-4E51-9337-C9D542744F09}.Release|x64.Build.0 = Release|Any CPU
		{EF9FA99D-2FC5-4E51-9337-C9D542744F09}.Release|x86.ActiveCfg = Release|Any CPU
		{EF9FA99D-2FC5-4E51-9337-C9D542744F09}.Release|x86.Build.0 = Release|Any CPU
	EndGlobalSection
	GlobalSection(SolutionProperties) = preSolution
		HideSolutionNode = FALSE
	EndGlobalSection
	GlobalSection(NestedProjects) = preSolution
		{D9200896-5A00-482C-85DC-D80247674D04} = {28591123-057F-430F-A432-CE29C2205D4C}
		{146A0AA0-4ED7-453D-BA78-06C8BEB3E24C} = {D9200896-5A00-482C-85DC-D80247674D04}
		{F3F84AE9-5D92-446F-AFDB-9E71E199B2DD} = {146A0AA0-4ED7-453D-BA78-06C8BEB3E24C}
		{B7D6CA36-345A-4A58-B335-5BEB1D97E0A5} = {146A0AA0-4ED7-453D-BA78-06C8BEB3E24C}
		{B332E39B-6ECE-4215-87B3-2EAF3B219E5D} = {146A0AA0-4ED7-453D-BA78-06C8BEB3E24C}
		{CBBE5B2E-BD09-41D1-96BA-0EABE2C6E606} = {146A0AA0-4ED7-453D-BA78-06C8BEB3E24C}
		{7E012540-0B60-47AC-ADAD-A9D837C5E851} = {146A0AA0-4ED7-453D-BA78-06C8BEB3E24C}
		{023B1115-113D-43F4-9E8F-4B72E4904556} = {74D97014-97AC-4934-B5BF-CD2E38D1BCA8}
		{CA1F4B1A-2AAA-4A4E-A9F9-3FB799093ED7} = {023B1115-113D-43F4-9E8F-4B72E4904556}
		{A500BF1A-A556-46D4-A940-A63F04BE4090} = {CA1F4B1A-2AAA-4A4E-A9F9-3FB799093ED7}
		{01512333-105C-47DB-AE97-C97A7DE442FE} = {CA1F4B1A-2AAA-4A4E-A9F9-3FB799093ED7}
		{661F5C34-8039-4D86-B44E-ADD7823BFFD0} = {CA1F4B1A-2AAA-4A4E-A9F9-3FB799093ED7}
		{677BF3C1-EF46-4BCC-9F5D-EA9FFD16B4B4} = {CA1F4B1A-2AAA-4A4E-A9F9-3FB799093ED7}
		{63564F83-F2EF-29A8-7EF2-D36439E21B1C} = {D9200896-5A00-482C-85DC-D80247674D04}
		{0191EF3A-F4F7-4E6E-B801-35C0528B4D76} = {63564F83-F2EF-29A8-7EF2-D36439E21B1C}
		{029A612B-D6B6-4297-A2D2-C60CBB7F7347} = {63564F83-F2EF-29A8-7EF2-D36439E21B1C}
		{E5439700-585E-42B8-9E74-735A5C242898} = {63564F83-F2EF-29A8-7EF2-D36439E21B1C}
		{3842C56C-F8D8-4B10-B327-0E4E82AB04F1} = {63564F83-F2EF-29A8-7EF2-D36439E21B1C}
		{3AC1E10F-D152-4CA9-B2CF-1B9E6A0F2CE2} = {63564F83-F2EF-29A8-7EF2-D36439E21B1C}
		{73E77096-F207-559E-A569-B585BEF748D1} = {023B1115-113D-43F4-9E8F-4B72E4904556}
		{ABBE087E-87EF-428E-BE47-AD9CD58B9FD3} = {73E77096-F207-559E-A569-B585BEF748D1}
		{2D2006A9-22A8-4669-980A-4528A0644760} = {73E77096-F207-559E-A569-B585BEF748D1}
		{EA07FA4A-82CF-4B55-9639-7106CDA3E654} = {73E77096-F207-559E-A569-B585BEF748D1}
		{50CE759C-9532-479B-BC35-D51FB699650D} = {73E77096-F207-559E-A569-B585BEF748D1}
		{25AD5DED-A482-C359-17F5-4650FA521936} = {D9200896-5A00-482C-85DC-D80247674D04}
		{85CE4F72-C1BE-4C57-9329-2B8FBC3A39F2} = {25AD5DED-A482-C359-17F5-4650FA521936}
		{BEA84E54-9211-4686-A199-C4EFAA4F418D} = {25AD5DED-A482-C359-17F5-4650FA521936}
		{0D14B548-9015-4002-B2FF-E9C682CEE21F} = {25AD5DED-A482-C359-17F5-4650FA521936}
		{52872F26-A73A-42A8-8D95-833038E9D34F} = {25AD5DED-A482-C359-17F5-4650FA521936}
		{02A598F0-20C0-49B3-AFE7-5EC25F3739EC} = {25AD5DED-A482-C359-17F5-4650FA521936}
		{348B2BEF-7EEA-E693-4922-EB36B4E2501E} = {023B1115-113D-43F4-9E8F-4B72E4904556}
		{B37760C9-384E-4178-82F3-B17F0C3AF858} = {348B2BEF-7EEA-E693-4922-EB36B4E2501E}
		{B4FE2451-756A-4849-BBA2-AC74ABF508B8} = {348B2BEF-7EEA-E693-4922-EB36B4E2501E}
		{E7595110-7773-4BF5-BFC5-898837F4CC06} = {348B2BEF-7EEA-E693-4922-EB36B4E2501E}
		{95BE46C2-AB67-4338-9F13-73C6160AEF70} = {348B2BEF-7EEA-E693-4922-EB36B4E2501E}
		{8DB2250C-BC1F-5219-2D05-33BE808A390E} = {D9200896-5A00-482C-85DC-D80247674D04}
		{F45EB3FA-10D7-4ADF-AAC1-6172EDF34F37} = {8DB2250C-BC1F-5219-2D05-33BE808A390E}
		{0496E72F-7F9E-44A7-83DE-98B781A4FB12} = {8DB2250C-BC1F-5219-2D05-33BE808A390E}
		{67BDA7E6-84EF-47D3-A0AF-B29C504132F2} = {8DB2250C-BC1F-5219-2D05-33BE808A390E}
		{63F1DF3F-54C2-41E5-ABEF-3254A26C19BA} = {8DB2250C-BC1F-5219-2D05-33BE808A390E}
		{0A47D47F-4D42-467A-8BD5-078CAA1CD25E} = {8DB2250C-BC1F-5219-2D05-33BE808A390E}
		{0F335DE5-023F-AB2C-A172-D592E8E428F3} = {023B1115-113D-43F4-9E8F-4B72E4904556}
		{A848298C-B589-4FBE-845F-7E0718DDB78D} = {0F335DE5-023F-AB2C-A172-D592E8E428F3}
		{EA1E0085-2753-42A1-90D3-191282CB487A} = {0F335DE5-023F-AB2C-A172-D592E8E428F3}
		{D9A86A0C-EE0D-43D5-8C72-EB408C2C297E} = {0F335DE5-023F-AB2C-A172-D592E8E428F3}
		{EF9FA99D-2FC5-4E51-9337-C9D542744F09} = {0F335DE5-023F-AB2C-A172-D592E8E428F3}
	EndGlobalSection
EndGlobal
